
Microsoft Visual Studio Solution File, Format Version 12.00
# Visual Studio Version 16
VisualStudioVersion = 16.0.30225.117
MinimumVisualStudioVersion = 10.0.40219.1
Project("{FAE04EC0-301F-11D3-BF4B-00C04F79EFBC}") = "InsuranceApprovalApp", "InsuranceApprovalApp\InsuranceApprovalApp.csproj", "{14695E4D-0155-4127-82E8-C05FFB4524D0}"
EndProject
Global
	GlobalSection(SolutionConfigurationPlatforms) = preSolution
		Debug|Any CPU = Debug|Any CPU
		Release|Any CPU = Release|Any CPU
	EndGlobalSection
	GlobalSection(ProjectConfigurationPlatforms) = postSolution
		{14695E4D-0155-4127-82E8-C05FFB4524D0}.Debug|Any CPU.ActiveCfg = Debug|Any CPU
		{14695E4D-0155-4127-82E8-C05FFB4524D0}.Debug|Any CPU.Build.0 = Debug|Any CPU
		{14695E4D-0155-4127-82E8-C05FFB4524D0}.Release|Any CPU.ActiveCfg = Release|Any CPU
		{14695E4D-0155-4127-82E8-C05FFB4524D0}.Release|Any CPU.Build.0 = Release|Any CPU
	EndGlobalSection
	GlobalSection(SolutionProperties) = preSolution
		HideSolutionNode = FALSE
	EndGlobalSection
	GlobalSection(ExtensibilityGlobals) = postSolution
		SolutionGuid = {FFFF38C4-DB9A-4CA3-9660-8CCB376049F0}
	EndGlobalSection
EndGlobal
