
Microsoft Visual Studio Solution File, Format Version 12.00
# Visual Studio Version 16
VisualStudioVersion = 16.0.30225.117
MinimumVisualStudioVersion = 10.0.40219.1
Project("{FAE04EC0-301F-11D3-BF4B-00C04F79EFBC}") = "ExceptionHandelingAssignment", "ExceptionHandelingAssignment\ExceptionHandelingAssignment.csproj", "{6F8710E7-A271-43EF-AB01-F285096FAA04}"
EndProject
Global
	GlobalSection(SolutionConfigurationPlatforms) = preSolution
		Debug|Any CPU = Debug|Any CPU
		Release|Any CPU = Release|Any CPU
	EndGlobalSection
	GlobalSection(ProjectConfigurationPlatforms) = postSolution
		{6F8710E7-A271-43EF-AB01-F285096FAA04}.Debug|Any CPU.ActiveCfg = Debug|Any CPU
		{6F8710E7-A271-43EF-AB01-F285096FAA04}.Debug|Any CPU.Build.0 = Debug|Any CPU
		{6F8710E7-A271-43EF-AB01-F285096FAA04}.Release|Any CPU.ActiveCfg = Release|Any CPU
		{6F8710E7-A271-43EF-AB01-F285096FAA04}.Release|Any CPU.Build.0 = Release|Any CPU
	EndGlobalSection
	GlobalSection(SolutionProperties) = preSolution
		HideSolutionNode = FALSE
	EndGlobalSection
	GlobalSection(ExtensibilityGlobals) = postSolution
		SolutionGuid = {F073F2A6-F57A-4843-9360-9C138190400E}
	EndGlobalSection
EndGlobal
